
Microsoft Visual Studio Solution File, Format Version 12.00
# Visual Studio 15
Project("{FAE04EC0-301F-11D3-BF4B-00C04F79EFBC}") = "Assembly-CSharp", "Assembly-CSharp.csproj", "{FD19EC38-CEBA-1E98-67A0-0CB0FCAD66FF}"
EndProject
Global
	GlobalSection(SolutionConfigurationPlatforms) = preSolution
		Debug|Any CPU = Debug|Any CPU
		Release|Any CPU = Release|Any CPU
	EndGlobalSection
	GlobalSection(ProjectConfigurationPlatforms) = postSolution
		{FD19EC38-CEBA-1E98-67A0-0CB0FCAD66FF}.Debug|Any CPU.ActiveCfg = Debug|Any CPU
		{FD19EC38-CEBA-1E98-67A0-0CB0FCAD66FF}.Debug|Any CPU.Build.0 = Debug|Any CPU
		{FD19EC38-CEBA-1E98-67A0-0CB0FCAD66FF}.Release|Any CPU.ActiveCfg = Release|Any CPU
		{FD19EC38-CEBA-1E98-67A0-0CB0FCAD66FF}.Release|Any CPU.Build.0 = Release|Any CPU
	EndGlobalSection
	GlobalSection(SolutionProperties) = preSolution
		HideSolutionNode = FALSE
	EndGlobalSection
EndGlobal
